{
  "requires": true,
  "lockfileVersion": 1,
  "dependencies": {
    "@types/node": {
      "version": "15.12.2",
      "resolved": "https://registry.npmjs.org/@types/node/-/node-15.12.2.tgz",
      "integrity": "sha512-zjQ69G564OCIWIOHSXyQEEDpdpGl+G348RAKY0XXy9Z5kU9Vzv1GMNnkar/ZJ8dzXB3COzD9Mo9NtRZ4xfgUww=="
    },
    "@types/ws": {
      "version": "7.4.4",
      "resolved": "https://registry.npmjs.org/@types/ws/-/ws-7.4.4.tgz",
      "integrity": "sha512-d/7W23JAXPodQNbOZNXvl2K+bqAQrCMwlh/nuQsPSQk6Fq0opHoPrUw43aHsvSbIiQPr8Of2hkFbnz1XBFVyZQ==",
      "requires": {
        "@types/node": "*"
      }
    },
    "ws": {
      "version": "7.4.6",
      "resolved": "https://registry.npmjs.org/ws/-/ws-7.4.6.tgz",
      "integrity": "sha512-YmhHDO4MzaDLB+M9ym/mDA5z0naX8j7SIlT8f8z+I0VtzsRbekxEutHSme7NPS2qE8StCYQNUnfWdXta/Yu85A=="
    }
  }
}
